
Microsoft Visual Studio Solution File, Format Version 12.00
# Visual Studio Version 17
VisualStudioVersion = 17.11.35219.272
MinimumVisualStudioVersion = 10.0.40219.1
Project("{FAE04EC0-301F-11D3-BF4B-00C04F79EFBC}") = "FlagEdit", "FlagEdit\FlagEdit.csproj", "{2F44221E-E5D5-45B7-A673-09189C1184BF}"
EndProject
Global
	GlobalSection(SolutionConfigurationPlatforms) = preSolution
		Debug|Any CPU = Debug|Any CPU
		Release|Any CPU = Release|Any CPU
	EndGlobalSection
	GlobalSection(ProjectConfigurationPlatforms) = postSolution
		{2F44221E-E5D5-45B7-A673-09189C1184BF}.Debug|Any CPU.ActiveCfg = Debug|Any CPU
		{2F44221E-E5D5-45B7-A673-09189C1184BF}.Debug|Any CPU.Build.0 = Debug|Any CPU
		{2F44221E-E5D5-45B7-A673-09189C1184BF}.Release|Any CPU.ActiveCfg = Release|Any CPU
		{2F44221E-E5D5-45B7-A673-09189C1184BF}.Release|Any CPU.Build.0 = Release|Any CPU
	EndGlobalSection
	GlobalSection(SolutionProperties) = preSolution
		HideSolutionNode = FALSE
	EndGlobalSection
	GlobalSection(ExtensibilityGlobals) = postSolution
		SolutionGuid = {F6BDE80A-510F-48A5-8F18-3A98426AF657}
	EndGlobalSection
EndGlobal
